github.com/google/go-cmp v0.5.8 h1:e6P7q2lk1O+qJJb4BtCQXlK8vWEO8V1ZeuEdJNOqZyg=
github.com/google/go-cmp v0.5.8/go.mod h1:17dUlkBOakJ0+DkrSSNjCkIjxS6bF9zb3elmeNGIjoY=
github.com/tailscale/hujson v0.0.0-20250226034555-ec1d1c113d33 h1:idh63uw+gsG05HwjZsAENCG4KZfyvjK03bpjxa5qRRk=
github.com/tailscale/hujson v0.0.0-20250226034555-ec1d1c113d33/go.mod h1:EbW0wDK/qEUYI0A5bqq0C2kF8JTQwWONmGDBbzsxxHo=
